
Microsoft Visual Studio Solution File, Format Version 12.00
# Visual Studio 14
VisualStudioVersion = 14.0.23107.0
MinimumVisualStudioVersion = 10.0.40219.1
Project("{FAE04EC0-301F-11D3-BF4B-00C04F79EFBC}") = "WiredHack153Web", "WiredHack153Web\WiredHack153Web.csproj", "{ADC50C18-2179-4C33-9563-1D15A52959C4}"
EndProject
Project("{FAE04EC0-301F-11D3-BF4B-00C04F79EFBC}") = "WiredHack.DAL", "WiredHack.DAL\WiredHack.DAL.csproj", "{54487FB5-B044-434D-B3E5-E088BF9B5360}"
EndProject
Global
	GlobalSection(SolutionConfigurationPlatforms) = preSolution
		Debug|Any CPU = Debug|Any CPU
		Release|Any CPU = Release|Any CPU
	EndGlobalSection
	GlobalSection(ProjectConfigurationPlatforms) = postSolution
		{ADC50C18-2179-4C33-9563-1D15A52959C4}.Debug|Any CPU.ActiveCfg = Debug|Any CPU
		{ADC50C18-2179-4C33-9563-1D15A52959C4}.Debug|Any CPU.Build.0 = Debug|Any CPU
		{ADC50C18-2179-4C33-9563-1D15A52959C4}.Release|Any CPU.ActiveCfg = Release|Any CPU
		{ADC50C18-2179-4C33-9563-1D15A52959C4}.Release|Any CPU.Build.0 = Release|Any CPU
		{54487FB5-B044-434D-B3E5-E088BF9B5360}.Debug|Any CPU.ActiveCfg = Debug|Any CPU
		{54487FB5-B044-434D-B3E5-E088BF9B5360}.Debug|Any CPU.Build.0 = Debug|Any CPU
		{54487FB5-B044-434D-B3E5-E088BF9B5360}.Release|Any CPU.ActiveCfg = Release|Any CPU
		{54487FB5-B044-434D-B3E5-E088BF9B5360}.Release|Any CPU.Build.0 = Release|Any CPU
	EndGlobalSection
	GlobalSection(SolutionProperties) = preSolution
		HideSolutionNode = FALSE
	EndGlobalSection
EndGlobal
